
Microsoft Visual Studio Solution File, Format Version 12.00
# Visual Studio Version 17
VisualStudioVersion = 17.2.32616.157
MinimumVisualStudioVersion = 10.0.40219.1
Project("{2150E333-8FDC-42A3-9474-1A3956D46DE8}") = "Tools", "Tools", "{1D99B131-549A-4F89-B157-311BDBD1CEAD}"
EndProject
Project("{FAE04EC0-301F-11D3-BF4B-00C04F79EFBC}") = "SausoonTech.Tools.Logger", "SausoonTech.Tools.Logger\SausoonTech.Tools.Logger.csproj", "{2D81FA9D-9E3E-4E34-AD0E-EC39A189FE56}"
EndProject
Global
	GlobalSection(SolutionConfigurationPlatforms) = preSolution
		Debug|Any CPU = Debug|Any CPU
		Release|Any CPU = Release|Any CPU
	EndGlobalSection
	GlobalSection(ProjectConfigurationPlatforms) = postSolution
		{2D81FA9D-9E3E-4E34-AD0E-EC39A189FE56}.Debug|Any CPU.ActiveCfg = Debug|Any CPU
		{2D81FA9D-9E3E-4E34-AD0E-EC39A189FE56}.Debug|Any CPU.Build.0 = Debug|Any CPU
		{2D81FA9D-9E3E-4E34-AD0E-EC39A189FE56}.Release|Any CPU.ActiveCfg = Release|Any CPU
		{2D81FA9D-9E3E-4E34-AD0E-EC39A189FE56}.Release|Any CPU.Build.0 = Release|Any CPU
	EndGlobalSection
	GlobalSection(SolutionProperties) = preSolution
		HideSolutionNode = FALSE
	EndGlobalSection
	GlobalSection(NestedProjects) = preSolution
		{2D81FA9D-9E3E-4E34-AD0E-EC39A189FE56} = {1D99B131-549A-4F89-B157-311BDBD1CEAD}
	EndGlobalSection
	GlobalSection(ExtensibilityGlobals) = postSolution
		SolutionGuid = {537E9504-29CE-451C-AB3C-AD7683A20655}
	EndGlobalSection
EndGlobal
